
Microsoft Visual Studio Solution File, Format Version 10.00
# Visual Studio 2008
Project("{FAE04EC0-301F-11D3-BF4B-00C04F79EFBC}") = "RemoteKeyboardServer", "RemoteKeyboard\RemoteKeyboardServer.csproj", "{1903452C-BD21-4F85-8226-C06545CE41AB}"
EndProject
Project("{FAE04EC0-301F-11D3-BF4B-00C04F79EFBC}") = "RemoteKeyboardClient", "RemoteKeyboardClient\RemoteKeyboardClient.csproj", "{14357987-5245-404B-B9F0-5D9347D1B226}"
EndProject
Global
	GlobalSection(SolutionConfigurationPlatforms) = preSolution
		Debug|Any CPU = Debug|Any CPU
		Release|Any CPU = Release|Any CPU
	EndGlobalSection
	GlobalSection(ProjectConfigurationPlatforms) = postSolution
		{1903452C-BD21-4F85-8226-C06545CE41AB}.Debug|Any CPU.ActiveCfg = Debug|Any CPU
		{1903452C-BD21-4F85-8226-C06545CE41AB}.Debug|Any CPU.Build.0 = Debug|Any CPU
		{1903452C-BD21-4F85-8226-C06545CE41AB}.Debug|Any CPU.Deploy.0 = Debug|Any CPU
		{1903452C-BD21-4F85-8226-C06545CE41AB}.Release|Any CPU.ActiveCfg = Release|Any CPU
		{1903452C-BD21-4F85-8226-C06545CE41AB}.Release|Any CPU.Build.0 = Release|Any CPU
		{1903452C-BD21-4F85-8226-C06545CE41AB}.Release|Any CPU.Deploy.0 = Release|Any CPU
		{14357987-5245-404B-B9F0-5D9347D1B226}.Debug|Any CPU.ActiveCfg = Debug|Any CPU
		{14357987-5245-404B-B9F0-5D9347D1B226}.Debug|Any CPU.Build.0 = Debug|Any CPU
		{14357987-5245-404B-B9F0-5D9347D1B226}.Release|Any CPU.ActiveCfg = Release|Any CPU
		{14357987-5245-404B-B9F0-5D9347D1B226}.Release|Any CPU.Build.0 = Release|Any CPU
	EndGlobalSection
	GlobalSection(SolutionProperties) = preSolution
		HideSolutionNode = FALSE
	EndGlobalSection
EndGlobal
